
Microsoft Visual Studio Solution File, Format Version 12.00
# Visual Studio Version 16
VisualStudioVersion = 16.0.29519.87
MinimumVisualStudioVersion = 10.0.40219.1
Project("{FAE04EC0-301F-11D3-BF4B-00C04F79EFBC}") = "Furgostat", "Furgostat\Furgostat.csproj", "{3DAA4BB1-CFFA-4915-80CB-762BFC193ED2}"
EndProject
Global
	GlobalSection(SolutionConfigurationPlatforms) = preSolution
		Debug|Any CPU = Debug|Any CPU
		Release|Any CPU = Release|Any CPU
	EndGlobalSection
	GlobalSection(ProjectConfigurationPlatforms) = postSolution
		{3DAA4BB1-CFFA-4915-80CB-762BFC193ED2}.Debug|Any CPU.ActiveCfg = Debug|Any CPU
		{3DAA4BB1-CFFA-4915-80CB-762BFC193ED2}.Debug|Any CPU.Build.0 = Debug|Any CPU
		{3DAA4BB1-CFFA-4915-80CB-762BFC193ED2}.Release|Any CPU.ActiveCfg = Release|Any CPU
		{3DAA4BB1-CFFA-4915-80CB-762BFC193ED2}.Release|Any CPU.Build.0 = Release|Any CPU
	EndGlobalSection
	GlobalSection(SolutionProperties) = preSolution
		HideSolutionNode = FALSE
	EndGlobalSection
	GlobalSection(ExtensibilityGlobals) = postSolution
		SolutionGuid = {FB386A72-96FF-4B22-82D1-5A9BF0B05876}
	EndGlobalSection
EndGlobal
